
Microsoft Visual Studio Solution File, Format Version 12.00
# Visual Studio Version 16
VisualStudioVersion = 16.0.29519.181
MinimumVisualStudioVersion = 10.0.40219.1
Project("{2150E333-8FDC-42A3-9474-1A3956D46DE8}") = "Common", "Common", "{A0BC17D5-3783-42AF-BCA8-5E0B1D4A7043}"
EndProject
Project("{2150E333-8FDC-42A3-9474-1A3956D46DE8}") = "Services", "Services", "{89F01689-734F-45FD-9079-C81695DB0F84}"
EndProject
Project("{2150E333-8FDC-42A3-9474-1A3956D46DE8}") = "DataAccess", "DataAccess", "{ABCD8B8E-35C8-44DC-83A1-773926F2D227}"
EndProject
Project("{2150E333-8FDC-42A3-9474-1A3956D46DE8}") = "Endpoints", "Endpoints", "{449B50BC-3BFB-4E64-AE49-82DD43D2CE47}"
EndProject
Project("{FAE04EC0-301F-11D3-BF4B-00C04F79EFBC}") = "WMS.Domain", "WMS.Domain\WMS.Domain.csproj", "{C15C2BA4-EE4E-4ED1-A833-6441F8EE1AB1}"
EndProject
Project("{FAE04EC0-301F-11D3-BF4B-00C04F79EFBC}") = "WMS.DataAccess", "WMS.DataAccess\WMS.DataAccess.csproj", "{30AAA496-C0E6-4D5E-ADE0-23883B02853A}"
EndProject
Project("{FAE04EC0-301F-11D3-BF4B-00C04F79EFBC}") = "WMS.DataAccess.MSSQL", "WMS.DataAccess.MSSQL\WMS.DataAccess.MSSQL.csproj", "{00FFA8E4-3421-487F-A130-9DDDF3090411}"
EndProject
Project("{FAE04EC0-301F-11D3-BF4B-00C04F79EFBC}") = "WMS.Service", "WMS.Service\WMS.Service.csproj", "{607D5904-D37A-4EF4-9FC9-E9E0676B29EA}"
EndProject
Project("{2150E333-8FDC-42A3-9474-1A3956D46DE8}") = "WCF", "WCF", "{2508D96F-5040-4BCA-AC5C-7FC9D26A2605}"
EndProject
Project("{2150E333-8FDC-42A3-9474-1A3956D46DE8}") = "API", "API", "{C063E439-308E-4420-B268-F870221C4C40}"
EndProject
Project("{FAE04EC0-301F-11D3-BF4B-00C04F79EFBC}") = "WMS.WCFService", "WMS.WCFService\WMS.WCFService.csproj", "{A37503A9-3C97-432F-BC9E-017E747486B1}"
EndProject
Project("{FAE04EC0-301F-11D3-BF4B-00C04F79EFBC}") = "WMS.API", "WMS.API\WMS.API.csproj", "{ED79D8F0-258E-4EDD-A852-E63A686F8014}"
EndProject
Project("{2150E333-8FDC-42A3-9474-1A3956D46DE8}") = "Clients", "Clients", "{2C69C6EB-3698-4CF7-AF62-008DEF221BD9}"
EndProject
Project("{FAE04EC0-301F-11D3-BF4B-00C04F79EFBC}") = "WMS.ApiStore", "WMS.ApiStore\WMS.ApiStore.csproj", "{6F35814A-C05B-4307-A636-3FDD341E6962}"
EndProject
Project("{FAE04EC0-301F-11D3-BF4B-00C04F79EFBC}") = "WMS.WcfStore", "WMS.WcfStore\WMS.WcfStore.csproj", "{5368EDA9-9CF8-407D-AAB5-113CD20DF68D}"
	ProjectSection(ProjectDependencies) = postProject
		{A37503A9-3C97-432F-BC9E-017E747486B1} = {A37503A9-3C97-432F-BC9E-017E747486B1}
	EndProjectSection
EndProject
Global
	GlobalSection(SolutionConfigurationPlatforms) = preSolution
		Debug|Any CPU = Debug|Any CPU
		Release|Any CPU = Release|Any CPU
	EndGlobalSection
	GlobalSection(ProjectConfigurationPlatforms) = postSolution
		{C15C2BA4-EE4E-4ED1-A833-6441F8EE1AB1}.Debug|Any CPU.ActiveCfg = Debug|Any CPU
		{C15C2BA4-EE4E-4ED1-A833-6441F8EE1AB1}.Debug|Any CPU.Build.0 = Debug|Any CPU
		{C15C2BA4-EE4E-4ED1-A833-6441F8EE1AB1}.Release|Any CPU.ActiveCfg = Release|Any CPU
		{C15C2BA4-EE4E-4ED1-A833-6441F8EE1AB1}.Release|Any CPU.Build.0 = Release|Any CPU
		{30AAA496-C0E6-4D5E-ADE0-23883B02853A}.Debug|Any CPU.ActiveCfg = Debug|Any CPU
		{30AAA496-C0E6-4D5E-ADE0-23883B02853A}.Debug|Any CPU.Build.0 = Debug|Any CPU
		{30AAA496-C0E6-4D5E-ADE0-23883B02853A}.Release|Any CPU.ActiveCfg = Release|Any CPU
		{30AAA496-C0E6-4D5E-ADE0-23883B02853A}.Release|Any CPU.Build.0 = Release|Any CPU
		{00FFA8E4-3421-487F-A130-9DDDF3090411}.Debug|Any CPU.ActiveCfg = Debug|Any CPU
		{00FFA8E4-3421-487F-A130-9DDDF3090411}.Debug|Any CPU.Build.0 = Debug|Any CPU
		{00FFA8E4-3421-487F-A130-9DDDF3090411}.Release|Any CPU.ActiveCfg = Release|Any CPU
		{00FFA8E4-3421-487F-A130-9DDDF3090411}.Release|Any CPU.Build.0 = Release|Any CPU
		{607D5904-D37A-4EF4-9FC9-E9E0676B29EA}.Debug|Any CPU.ActiveCfg = Debug|Any CPU
		{607D5904-D37A-4EF4-9FC9-E9E0676B29EA}.Debug|Any CPU.Build.0 = Debug|Any CPU
		{607D5904-D37A-4EF4-9FC9-E9E0676B29EA}.Release|Any CPU.ActiveCfg = Release|Any CPU
		{607D5904-D37A-4EF4-9FC9-E9E0676B29EA}.Release|Any CPU.Build.0 = Release|Any CPU
		{A37503A9-3C97-432F-BC9E-017E747486B1}.Debug|Any CPU.ActiveCfg = Debug|Any CPU
		{A37503A9-3C97-432F-BC9E-017E747486B1}.Debug|Any CPU.Build.0 = Debug|Any CPU
		{A37503A9-3C97-432F-BC9E-017E747486B1}.Release|Any CPU.ActiveCfg = Release|Any CPU
		{A37503A9-3C97-432F-BC9E-017E747486B1}.Release|Any CPU.Build.0 = Release|Any CPU
		{ED79D8F0-258E-4EDD-A852-E63A686F8014}.Debug|Any CPU.ActiveCfg = Debug|Any CPU
		{ED79D8F0-258E-4EDD-A852-E63A686F8014}.Debug|Any CPU.Build.0 = Debug|Any CPU
		{ED79D8F0-258E-4EDD-A852-E63A686F8014}.Release|Any CPU.ActiveCfg = Release|Any CPU
		{ED79D8F0-258E-4EDD-A852-E63A686F8014}.Release|Any CPU.Build.0 = Release|Any CPU
		{6F35814A-C05B-4307-A636-3FDD341E6962}.Debug|Any CPU.ActiveCfg = Debug|Any CPU
		{6F35814A-C05B-4307-A636-3FDD341E6962}.Debug|Any CPU.Build.0 = Debug|Any CPU
		{6F35814A-C05B-4307-A636-3FDD341E6962}.Release|Any CPU.ActiveCfg = Release|Any CPU
		{6F35814A-C05B-4307-A636-3FDD341E6962}.Release|Any CPU.Build.0 = Release|Any CPU
		{5368EDA9-9CF8-407D-AAB5-113CD20DF68D}.Debug|Any CPU.ActiveCfg = Debug|Any CPU
		{5368EDA9-9CF8-407D-AAB5-113CD20DF68D}.Debug|Any CPU.Build.0 = Debug|Any CPU
		{5368EDA9-9CF8-407D-AAB5-113CD20DF68D}.Release|Any CPU.ActiveCfg = Release|Any CPU
		{5368EDA9-9CF8-407D-AAB5-113CD20DF68D}.Release|Any CPU.Build.0 = Release|Any CPU
	EndGlobalSection
	GlobalSection(SolutionProperties) = preSolution
		HideSolutionNode = FALSE
	EndGlobalSection
	GlobalSection(NestedProjects) = preSolution
		{C15C2BA4-EE4E-4ED1-A833-6441F8EE1AB1} = {A0BC17D5-3783-42AF-BCA8-5E0B1D4A7043}
		{30AAA496-C0E6-4D5E-ADE0-23883B02853A} = {ABCD8B8E-35C8-44DC-83A1-773926F2D227}
		{00FFA8E4-3421-487F-A130-9DDDF3090411} = {ABCD8B8E-35C8-44DC-83A1-773926F2D227}
		{607D5904-D37A-4EF4-9FC9-E9E0676B29EA} = {89F01689-734F-45FD-9079-C81695DB0F84}
		{2508D96F-5040-4BCA-AC5C-7FC9D26A2605} = {449B50BC-3BFB-4E64-AE49-82DD43D2CE47}
		{C063E439-308E-4420-B268-F870221C4C40} = {449B50BC-3BFB-4E64-AE49-82DD43D2CE47}
		{A37503A9-3C97-432F-BC9E-017E747486B1} = {2508D96F-5040-4BCA-AC5C-7FC9D26A2605}
		{ED79D8F0-258E-4EDD-A852-E63A686F8014} = {C063E439-308E-4420-B268-F870221C4C40}
		{6F35814A-C05B-4307-A636-3FDD341E6962} = {2C69C6EB-3698-4CF7-AF62-008DEF221BD9}
		{5368EDA9-9CF8-407D-AAB5-113CD20DF68D} = {2C69C6EB-3698-4CF7-AF62-008DEF221BD9}
	EndGlobalSection
	GlobalSection(ExtensibilityGlobals) = postSolution
		SolutionGuid = {956AF6AA-19E1-4C53-A28D-F12871EAB034}
	EndGlobalSection
EndGlobal
